
Microsoft Visual Studio Solution File, Format Version 12.00
Project("{FAE04EC0-301F-11D3-BF4B-00C04F79EFBC}") = "ProductMasterConsole", "ProductMasterConsole\ProductMasterConsole.csproj", "{FFC18AFB-A018-4A8D-80C3-E08580DA0585}"
EndProject
Global
	GlobalSection(SolutionConfigurationPlatforms) = preSolution
		Debug|Any CPU = Debug|Any CPU
		Release|Any CPU = Release|Any CPU
	EndGlobalSection
	GlobalSection(ProjectConfigurationPlatforms) = postSolution
		{FFC18AFB-A018-4A8D-80C3-E08580DA0585}.Debug|Any CPU.ActiveCfg = Debug|Any CPU
		{FFC18AFB-A018-4A8D-80C3-E08580DA0585}.Debug|Any CPU.Build.0 = Debug|Any CPU
		{FFC18AFB-A018-4A8D-80C3-E08580DA0585}.Release|Any CPU.ActiveCfg = Release|Any CPU
		{FFC18AFB-A018-4A8D-80C3-E08580DA0585}.Release|Any CPU.Build.0 = Release|Any CPU
	EndGlobalSection
EndGlobal
